
Microsoft Visual Studio Solution File, Format Version 12.00
# Visual Studio Version 17
VisualStudioVersion = 17.5.33627.172
MinimumVisualStudioVersion = 10.0.40219.1
Project("{2150E333-8FDC-42A3-9474-1A3956D46DE8}") = "Sample", "Sample", "{8B08CE5B-4849-418E-BB0E-EF317485CF40}"
EndProject
Project("{2150E333-8FDC-42A3-9474-1A3956D46DE8}") = "src", "src", "{8A107723-1F81-4131-A249-F068501DBD5E}"
EndProject
Project("{FAE04EC0-301F-11D3-BF4B-00C04F79EFBC}") = "Ddnk.TreeViews", "src\Ddnk.TreeView\Ddnk.TreeViews.csproj", "{DDD7CD84-060E-4724-B2B1-7193C1D3EA55}"
EndProject
Project("{FAE04EC0-301F-11D3-BF4B-00C04F79EFBC}") = "Ddnk.Sample1", "sample\Ddnk\Ddnk.Sample1\Ddnk.Sample1.csproj", "{51AD6A50-2B65-43BD-A366-8F698C215817}"
EndProject
Global
	GlobalSection(SolutionConfigurationPlatforms) = preSolution
		Debug|Any CPU = Debug|Any CPU
		Release|Any CPU = Release|Any CPU
	EndGlobalSection
	GlobalSection(ProjectConfigurationPlatforms) = postSolution
		{DDD7CD84-060E-4724-B2B1-7193C1D3EA55}.Debug|Any CPU.ActiveCfg = Debug|Any CPU
		{DDD7CD84-060E-4724-B2B1-7193C1D3EA55}.Debug|Any CPU.Build.0 = Debug|Any CPU
		{DDD7CD84-060E-4724-B2B1-7193C1D3EA55}.Release|Any CPU.ActiveCfg = Release|Any CPU
		{DDD7CD84-060E-4724-B2B1-7193C1D3EA55}.Release|Any CPU.Build.0 = Release|Any CPU
		{51AD6A50-2B65-43BD-A366-8F698C215817}.Debug|Any CPU.ActiveCfg = Debug|Any CPU
		{51AD6A50-2B65-43BD-A366-8F698C215817}.Debug|Any CPU.Build.0 = Debug|Any CPU
		{51AD6A50-2B65-43BD-A366-8F698C215817}.Release|Any CPU.ActiveCfg = Release|Any CPU
		{51AD6A50-2B65-43BD-A366-8F698C215817}.Release|Any CPU.Build.0 = Release|Any CPU
	EndGlobalSection
	GlobalSection(SolutionProperties) = preSolution
		HideSolutionNode = FALSE
	EndGlobalSection
	GlobalSection(NestedProjects) = preSolution
		{DDD7CD84-060E-4724-B2B1-7193C1D3EA55} = {8A107723-1F81-4131-A249-F068501DBD5E}
		{51AD6A50-2B65-43BD-A366-8F698C215817} = {8B08CE5B-4849-418E-BB0E-EF317485CF40}
	EndGlobalSection
	GlobalSection(ExtensibilityGlobals) = postSolution
		SolutionGuid = {14D1AEA5-88D6-4F2C-8CD3-12A77F7CDE7F}
	EndGlobalSection
EndGlobal
